
Microsoft Visual Studio Solution File, Format Version 12.00
# Visual Studio Version 17
VisualStudioVersion = 17.0.31815.197
MinimumVisualStudioVersion = 10.0.40219.1
Project("{9A19103F-16F7-4668-BE54-9A1E7A4F7556}") = "PasswordManager.Console", "PasswordManager\PasswordManager.Console.csproj", "{F653C735-1327-4C62-A1C3-436849C4B944}"
EndProject
Project("{9A19103F-16F7-4668-BE54-9A1E7A4F7556}") = "PasswordManager.Database", "PasswordManager.Entities\PasswordManager.Database.csproj", "{73DC5109-66C4-458A-B70D-44AEE634ECC4}"
EndProject
Project("{9A19103F-16F7-4668-BE54-9A1E7A4F7556}") = "PasswordManager.WebAPI", "PasswordManager.WebAPI\PasswordManager.WebAPI.csproj", "{D2FD13BB-91F0-4422-82B3-A5C803FD783D}"
EndProject
Project("{9A19103F-16F7-4668-BE54-9A1E7A4F7556}") = "PasswordManager.Application", "PasswordManager.Application\PasswordManager.Application.csproj", "{F210EE6B-A37F-47CB-B426-2966A4BA4D06}"
EndProject
Project("{9A19103F-16F7-4668-BE54-9A1E7A4F7556}") = "PasswordManager.Services", "PasswordManager.Services\PasswordManager.Services.csproj", "{72BE733D-0040-4D7B-8CDC-99CAAB0BB466}"
EndProject
Project("{FAE04EC0-301F-11D3-BF4B-00C04F79EFBC}") = "PasswordManager.ViewModel", "PasswordManager.ViewModel\PasswordManager.ViewModel.csproj", "{E47DBFDC-3223-43CB-A5E7-CC5944A103C1}"
EndProject
Project("{FAE04EC0-301F-11D3-BF4B-00C04F79EFBC}") = "PasswordManager.Repositories", "PasswordManager.Repositories\PasswordManager.Repositories.csproj", "{540DE5F3-604A-47F3-AE46-8CA7708374E4}"
EndProject
Global
	GlobalSection(SolutionConfigurationPlatforms) = preSolution
		Debug|Any CPU = Debug|Any CPU
		Release|Any CPU = Release|Any CPU
	EndGlobalSection
	GlobalSection(ProjectConfigurationPlatforms) = postSolution
		{F653C735-1327-4C62-A1C3-436849C4B944}.Debug|Any CPU.ActiveCfg = Debug|Any CPU
		{F653C735-1327-4C62-A1C3-436849C4B944}.Debug|Any CPU.Build.0 = Debug|Any CPU
		{F653C735-1327-4C62-A1C3-436849C4B944}.Release|Any CPU.ActiveCfg = Release|Any CPU
		{F653C735-1327-4C62-A1C3-436849C4B944}.Release|Any CPU.Build.0 = Release|Any CPU
		{73DC5109-66C4-458A-B70D-44AEE634ECC4}.Debug|Any CPU.ActiveCfg = Debug|Any CPU
		{73DC5109-66C4-458A-B70D-44AEE634ECC4}.Debug|Any CPU.Build.0 = Debug|Any CPU
		{73DC5109-66C4-458A-B70D-44AEE634ECC4}.Release|Any CPU.ActiveCfg = Release|Any CPU
		{73DC5109-66C4-458A-B70D-44AEE634ECC4}.Release|Any CPU.Build.0 = Release|Any CPU
		{D2FD13BB-91F0-4422-82B3-A5C803FD783D}.Debug|Any CPU.ActiveCfg = Debug|Any CPU
		{D2FD13BB-91F0-4422-82B3-A5C803FD783D}.Debug|Any CPU.Build.0 = Debug|Any CPU
		{D2FD13BB-91F0-4422-82B3-A5C803FD783D}.Release|Any CPU.ActiveCfg = Release|Any CPU
		{D2FD13BB-91F0-4422-82B3-A5C803FD783D}.Release|Any CPU.Build.0 = Release|Any CPU
		{F210EE6B-A37F-47CB-B426-2966A4BA4D06}.Debug|Any CPU.ActiveCfg = Debug|Any CPU
		{F210EE6B-A37F-47CB-B426-2966A4BA4D06}.Debug|Any CPU.Build.0 = Debug|Any CPU
		{F210EE6B-A37F-47CB-B426-2966A4BA4D06}.Release|Any CPU.ActiveCfg = Release|Any CPU
		{F210EE6B-A37F-47CB-B426-2966A4BA4D06}.Release|Any CPU.Build.0 = Release|Any CPU
		{72BE733D-0040-4D7B-8CDC-99CAAB0BB466}.Debug|Any CPU.ActiveCfg = Debug|Any CPU
		{72BE733D-0040-4D7B-8CDC-99CAAB0BB466}.Debug|Any CPU.Build.0 = Debug|Any CPU
		{72BE733D-0040-4D7B-8CDC-99CAAB0BB466}.Release|Any CPU.ActiveCfg = Release|Any CPU
		{72BE733D-0040-4D7B-8CDC-99CAAB0BB466}.Release|Any CPU.Build.0 = Release|Any CPU
		{E47DBFDC-3223-43CB-A5E7-CC5944A103C1}.Debug|Any CPU.ActiveCfg = Debug|Any CPU
		{E47DBFDC-3223-43CB-A5E7-CC5944A103C1}.Debug|Any CPU.Build.0 = Debug|Any CPU
		{E47DBFDC-3223-43CB-A5E7-CC5944A103C1}.Release|Any CPU.ActiveCfg = Release|Any CPU
		{E47DBFDC-3223-43CB-A5E7-CC5944A103C1}.Release|Any CPU.Build.0 = Release|Any CPU
		{540DE5F3-604A-47F3-AE46-8CA7708374E4}.Debug|Any CPU.ActiveCfg = Debug|Any CPU
		{540DE5F3-604A-47F3-AE46-8CA7708374E4}.Debug|Any CPU.Build.0 = Debug|Any CPU
		{540DE5F3-604A-47F3-AE46-8CA7708374E4}.Release|Any CPU.ActiveCfg = Release|Any CPU
		{540DE5F3-604A-47F3-AE46-8CA7708374E4}.Release|Any CPU.Build.0 = Release|Any CPU
	EndGlobalSection
	GlobalSection(SolutionProperties) = preSolution
		HideSolutionNode = FALSE
	EndGlobalSection
	GlobalSection(ExtensibilityGlobals) = postSolution
		SolutionGuid = {94B6C2D5-5FAD-4DB9-91FB-B05EACC19B1D}
	EndGlobalSection
EndGlobal
